
Microsoft Visual Studio Solution File, Format Version 12.00
# Visual Studio Version 17
VisualStudioVersion = 17.9.34607.119
MinimumVisualStudioVersion = 10.0.40219.1
Project("{9A19103F-16F7-4668-BE54-9A1E7A4F7556}") = "ClasificadorImagenes", "ClasificadorImagenes\ClasificadorImagenes.csproj", "{86E1C135-4A2B-4FE7-8E8B-CD9934B461BF}"
EndProject
Global
	GlobalSection(SolutionConfigurationPlatforms) = preSolution
		Debug|Any CPU = Debug|Any CPU
		Release|Any CPU = Release|Any CPU
	EndGlobalSection
	GlobalSection(ProjectConfigurationPlatforms) = postSolution
		{86E1C135-4A2B-4FE7-8E8B-CD9934B461BF}.Debug|Any CPU.ActiveCfg = Debug|Any CPU
		{86E1C135-4A2B-4FE7-8E8B-CD9934B461BF}.Debug|Any CPU.Build.0 = Debug|Any CPU
		{86E1C135-4A2B-4FE7-8E8B-CD9934B461BF}.Release|Any CPU.ActiveCfg = Release|Any CPU
		{86E1C135-4A2B-4FE7-8E8B-CD9934B461BF}.Release|Any CPU.Build.0 = Release|Any CPU
	EndGlobalSection
	GlobalSection(SolutionProperties) = preSolution
		HideSolutionNode = FALSE
	EndGlobalSection
	GlobalSection(ExtensibilityGlobals) = postSolution
		SolutionGuid = {0BCBF801-434D-4AD8-A6B7-44C54F26AE04}
	EndGlobalSection
EndGlobal
